{
  "name": "esmdemo",
  "version": "1.0.0",
  "lockfileVersion": 1,
  "requires": true,
  "dependencies": {
    "preact": {
      "version": "10.15.0",
      "resolved": "https://registry.npmjs.org/preact/-/preact-10.15.0.tgz",
      "integrity": "sha512-nZSa8M2R2m1n7nJSBlzDpxRJaIsejrTO1vlFbdpFvyC8qM1iU+On2y0otfoUm6SRB5o0lF0CKDFxg6grEFU0iQ=="
    }
  }
}
